// !$*UTF8*$!
{
	archiveVersion = 1;
	classes = {
	};
	objectVersion = 50;
	objects = {

/* Begin PBXBuildFile section */
		C6487F9024EC1B1800EF822F /* AppDelegate.swift in Sources */ = {isa = PBXBuildFile; fileRef = C6487F8F24EC1B1800EF822F /* AppDelegate.swift */; };
		C6487F9224EC1B1800EF822F /* SceneDelegate.swift in Sources */ = {isa = PBXBuildFile; fileRef = C6487F9124EC1B1800EF822F /* SceneDelegate.swift */; };
		C6487F9424EC1B1800EF822F /* ViewController.swift in Sources */ = {isa = PBXBuildFile; fileRef = C6487F9324EC1B1800EF822F /* ViewController.swift */; };
		C6487F9724EC1B1800EF822F /* Main.storyboard in Resources */ = {isa = PBXBuildFile; fileRef = C6487F9524EC1B1800EF822F /* Main.storyboard */; };
		C6487F9924EC1B1A00EF822F /* Assets.xcassets in Resources */ = {isa = PBXBuildFile; fileRef = C6487F9824EC1B1A00EF822F /* Assets.xcassets */; };
		C6487F9C24EC1B1A00EF822F /* LaunchScreen.storyboard in Resources */ = {isa = PBXBuildFile; fileRef = C6487F9A24EC1B1A00EF822F /* LaunchScreen.storyboard */; };
		C6487FA724EC1B1A00EF822F /* MultipleSections_CompLayoutTests.swift in Sources */ = {isa = PBXBuildFile; fileRef = C6487FA624EC1B1A00EF822F /* MultipleSections_CompLayoutTests.swift */; };
		C6487FB224EC1C4200EF822F /* LabelCell.swift in Sources */ = {isa = PBXBuildFile; fileRef = C6487FB124EC1C4200EF822F /* LabelCell.swift */; };
		C6487FB424EC268600EF822F /* HeaderView.swift in Sources */ = {isa = PBXBuildFile; fileRef = C6487FB324EC268600EF822F /* HeaderView.swift */; };
/* End PBXBuildFile section */

/* Begin PBXContainerItemProxy section */
		C6487FA324EC1B1A00EF822F /* PBXContainerItemProxy */ = {
			isa = PBXContainerItemProxy;
			containerPortal = C6487F8424EC1B1800EF822F /* Project object */;
			proxyType = 1;
			remoteGlobalIDString = C6487F8B24EC1B1800EF822F;
			remoteInfo = "MultipleSections-CompLayout";
		};
/* End PBXContainerItemProxy section */

/* Begin PBXFileReference section */
		C6487F8C24EC1B1800EF822F /* MultipleSections-CompLayout.app */ = {isa = PBXFileReference; explicitFileType = wrapper.application; includeInIndex = 0; path = "MultipleSections-CompLayout.app"; sourceTree = BUILT_PRODUCTS_DIR; };
		C6487F8F24EC1B1800EF822F /* AppDelegate.swift */ = {isa = PBXFileReference; lastKnownFileType = sourcecode.swift; path = AppDelegate.swift; sourceTree = "<group>"; };
		C6487F9124EC1B1800EF822F /* SceneDelegate.swift */ = {isa = PBXFileReference; lastKnownFileType = sourcecode.swift; path = SceneDelegate.swift; sourceTree = "<group>"; };
		C6487F9324EC1B1800EF822F /* ViewController.swift */ = {isa = PBXFileReference; lastKnownFileType = sourcecode.swift; path = ViewController.swift; sourceTree = "<group>"; };
		C6487F9624EC1B1800EF822F /* Base */ = {isa = PBXFileReference; lastKnownFileType = file.storyboard; name = Base; path = Base.lproj/Main.storyboard; sourceTree = "<group>"; };
		C6487F9824EC1B1A00EF822F /* Assets.xcassets */ = {isa = PBXFileReference; lastKnownFileType = folder.assetcatalog; path = Assets.xcassets; sourceTree = "<group>"; };
		C6487F9B24EC1B1A00EF822F /* Base */ = {isa = PBXFileReference; lastKnownFileType = file.storyboard; name = Base; path = Base.lproj/LaunchScreen.storyboard; sourceTree = "<group>"; };
		C6487F9D24EC1B1A00EF822F /* Info.plist */ = {isa = PBXFileReference; lastKnownFileType = text.plist.xml; path = Info.plist; sourceTree = "<group>"; };
		C6487FA224EC1B1A00EF822F /* MultipleSections-CompLayoutTests.xctest */ = {isa = PBXFileReference; explicitFileType = wrapper.cfbundle; includeInIndex = 0; path = "MultipleSections-CompLayoutTests.xctest"; sourceTree = BUILT_PRODUCTS_DIR; };
		C6487FA624EC1B1A00EF822F /* MultipleSections_CompLayoutTests.swift */ = {isa = PBXFileReference; lastKnownFileType = sourcecode.swift; path = MultipleSections_CompLayoutTests.swift; sourceTree = "<group>"; };
		C6487FA824EC1B1A00EF822F /* Info.plist */ = {isa = PBXFileReference; lastKnownFileType = text.plist.xml; path = Info.plist; sourceTree = "<group>"; };
		C6487FB124EC1C4200EF822F /* LabelCell.swift */ = {isa = PBXFileReference; lastKnownFileType = sourcecode.swift; path = LabelCell.swift; sourceTree = "<group>"; };
		C6487FB324EC268600EF822F /* HeaderView.swift */ = {isa = PBXFileReference; lastKnownFileType = sourcecode.swift; path = HeaderView.swift; sourceTree = "<group>"; };
/* End PBXFileReference section */

/* Begin PBXFrameworksBuildPhase section */
		C6487F8924EC1B1800EF822F /* Frameworks */ = {
			isa = PBXFrameworksBuildPhase;
			buildActionMask = 2147483647;
			files = (
			);
			runOnlyForDeploymentPostprocessing = 0;
		};
		C6487F9F24EC1B1A00EF822F /* Frameworks */ = {
			isa = PBXFrameworksBuildPhase;
			buildActionMask = 2147483647;
			files = (
			);
			runOnlyForDeploymentPostprocessing = 0;
		};
/* End PBXFrameworksBuildPhase section */

/* Begin PBXGroup section */
		C6487F8324EC1B1800EF822F = {
			isa = PBXGroup;
			children = (
				C6487F8E24EC1B1800EF822F /* MultipleSections-CompLayout */,
				C6487FA524EC1B1A00EF822F /* MultipleSections-CompLayoutTests */,
				C6487F8D24EC1B1800EF822F /* Products */,
			);
			sourceTree = "<group>";
		};
		C6487F8D24EC1B1800EF822F /* Products */ = {
			isa = PBXGroup;
			children = (
				C6487F8C24EC1B1800EF822F /* MultipleSections-CompLayout.app */,
				C6487FA224EC1B1A00EF822F /* MultipleSections-CompLayoutTests.xctest */,
			);
			name = Products;
			sourceTree = "<group>";
		};
		C6487F8E24EC1B1800EF822F /* MultipleSections-CompLayout */ = {
			isa = PBXGroup;
			children = (
				C6487F8F24EC1B1800EF822F /* AppDelegate.swift */,
				C6487F9124EC1B1800EF822F /* SceneDelegate.swift */,
				C6487F9324EC1B1800EF822F /* ViewController.swift */,
				C6487FB324EC268600EF822F /* HeaderView.swift */,
				C6487F9524EC1B1800EF822F /* Main.storyboard */,
				C6487FB124EC1C4200EF822F /* LabelCell.swift */,
				C6487F9824EC1B1A00EF822F /* Assets.xcassets */,
				C6487F9A24EC1B1A00EF822F /* LaunchScreen.storyboard */,
				C6487F9D24EC1B1A00EF822F /* Info.plist */,
			);
			path = "MultipleSections-CompLayout";
			sourceTree = "<group>";
		};
		C6487FA524EC1B1A00EF822F /* MultipleSections-CompLayoutTests */ = {
			isa = PBXGroup;
			children = (
				C6487FA624EC1B1A00EF822F /* MultipleSections_CompLayoutTests.swift */,
				C6487FA824EC1B1A00EF822F /* Info.plist */,
			);
			path = "MultipleSections-CompLayoutTests";
			sourceTree = "<group>";
		};
/* End PBXGroup section */

/* Begin PBXNativeTarget section */
		C6487F8B24EC1B1800EF822F /* MultipleSections-CompLayout */ = {
			isa = PBXNativeTarget;
			buildConfigurationList = C6487FAB24EC1B1A00EF822F /* Build configuration list for PBXNativeTarget "MultipleSections-CompLayout" */;
			buildPhases = (
				C6487F8824EC1B1800EF822F /* Sources */,
				C6487F8924EC1B1800EF822F /* Frameworks */,
				C6487F8A24EC1B1800EF822F /* Resources */,
			);
			buildRules = (
			);
			dependencies = (
			);
			name = "MultipleSections-CompLayout";
			productName = "MultipleSections-CompLayout";
			productReference = C6487F8C24EC1B1800EF822F /* MultipleSections-CompLayout.app */;
			productType = "com.apple.product-type.application";
		};
		C6487FA124EC1B1A00EF822F /* MultipleSections-CompLayoutTests */ = {
			isa = PBXNativeTarget;
			buildConfigurationList = C6487FAE24EC1B1A00EF822F /* Build configuration list for PBXNativeTarget "MultipleSections-CompLayoutTests" */;
			buildPhases = (
				C6487F9E24EC1B1A00EF822F /* Sources */,
				C6487F9F24EC1B1A00EF822F /* Frameworks */,
				C6487FA024EC1B1A00EF822F /* Resources */,
			);
			buildRules = (
			);
			dependencies = (
				C6487FA424EC1B1A00EF822F /* PBXTargetDependency */,
			);
			name = "MultipleSections-CompLayoutTests";
			productName = "MultipleSections-CompLayoutTests";
			productReference = C6487FA224EC1B1A00EF822F /* MultipleSections-CompLayoutTests.xctest */;
			productType = "com.apple.product-type.bundle.unit-test";
		};
/* End PBXNativeTarget section */

/* Begin PBXProject section */
		C6487F8424EC1B1800EF822F /* Project object */ = {
			isa = PBXProject;
			attributes = {
				LastSwiftUpdateCheck = 1160;
				LastUpgradeCheck = 1160;
				ORGANIZATIONNAME = "casandra grullon";
				TargetAttributes = {
					C6487F8B24EC1B1800EF822F = {
						CreatedOnToolsVersion = 11.6;
					};
					C6487FA124EC1B1A00EF822F = {
						CreatedOnToolsVersion = 11.6;
						TestTargetID = C6487F8B24EC1B1800EF822F;
					};
				};
			};
			buildConfigurationList = C6487F8724EC1B1800EF822F /* Build configuration list for PBXProject "MultipleSections-CompLayout" */;
			compatibilityVersion = "Xcode 9.3";
			developmentRegion = en;
			hasScannedForEncodings = 0;
			knownRegions = (
				en,
				Base,
			);
			mainGroup = C6487F8324EC1B1800EF822F;
			productRefGroup = C6487F8D24EC1B1800EF822F /* Products */;
			projectDirPath = "";
			projectRoot = "";
			targets = (
				C6487F8B24EC1B1800EF822F /* MultipleSections-CompLayout */,
				C6487FA124EC1B1A00EF822F /* MultipleSections-CompLayoutTests */,
			);
		};
/* End PBXProject section */

/* Begin PBXResourcesBuildPhase section */
		C6487F8A24EC1B1800EF822F /* Resources */ = {
			isa = PBXResourcesBuildPhase;
			buildActionMask = 2147483647;
			files = (
				C6487F9C24EC1B1A00EF822F /* LaunchScreen.storyboard in Resources */,
				C6487F9924EC1B1A00EF822F /* Assets.xcassets in Resources */,
				C6487F9724EC1B1800EF822F /* Main.storyboard in Resources */,
			);
			runOnlyForDeploymentPostprocessing = 0;
		};
		C6487FA024EC1B1A00EF822F /* Resources */ = {
			isa = PBXResourcesBuildPhase;
			buildActionMask = 2147483647;
			files = (
			);
			runOnlyForDeploymentPostprocessing = 0;
		};
/* End PBXResourcesBuildPhase section */

/* Begin PBXSourcesBuildPhase section */
		C6487F8824EC1B1800EF822F /* Sources */ = {
			isa = PBXSourcesBuildPhase;
			buildActionMask = 2147483647;
			files = (
				C6487FB424EC268600EF822F /* HeaderView.swift in Sources */,
				C6487F9424EC1B1800EF822F /* ViewController.swift in Sources */,
				C6487F9024EC1B1800EF822F /* AppDelegate.swift in Sources */,
				C6487FB224EC1C4200EF822F /* LabelCell.swift in Sources */,
				C6487F9224EC1B1800EF822F /* SceneDelegate.swift in Sources */,
			);
			runOnlyForDeploymentPostprocessing = 0;
		};
		C6487F9E24EC1B1A00EF822F /* Sources */ = {
			isa = PBXSourcesBuildPhase;
			buildActionMask = 2147483647;
			files = (
				C6487FA724EC1B1A00EF822F /* MultipleSections_CompLayoutTests.swift in Sources */,
			);
			runOnlyForDeploymentPostprocessing = 0;
		};
/* End PBXSourcesBuildPhase section */

/* Begin PBXTargetDependency section */
		C6487FA424EC1B1A00EF822F /* PBXTargetDependency */ = {
			isa = PBXTargetDependency;
			target = C6487F8B24EC1B1800EF822F /* MultipleSections-CompLayout */;
			targetProxy = C6487FA324EC1B1A00EF822F /* PBXContainerItemProxy */;
		};
/* End PBXTargetDependency section */

/* Begin PBXVariantGroup section */
		C6487F9524EC1B1800EF822F /* Main.storyboard */ = {
			isa = PBXVariantGroup;
			children = (
				C6487F9624EC1B1800EF822F /* Base */,
			);
			name = Main.storyboard;
			sourceTree = "<group>";
		};
		C6487F9A24EC1B1A00EF822F /* LaunchScreen.storyboard */ = {
			isa = PBXVariantGroup;
			children = (
				C6487F9B24EC1B1A00EF822F /* Base */,
			);
			name = LaunchScreen.storyboard;
			sourceTree = "<group>";
		};
/* End PBXVariantGroup section */

/* Begin XCBuildConfiguration section */
		C6487FA924EC1B1A00EF822F /* Debug */ = {
			isa = XCBuildConfiguration;
			buildSettings = {
				ALWAYS_SEARCH_USER_PATHS = NO;
				CLANG_ANALYZER_NONNULL = YES;
				CLANG_ANALYZER_NUMBER_OBJECT_CONVERSION = YES_AGGRESSIVE;
				CLANG_CXX_LANGUAGE_STANDARD = "gnu++14";
				CLANG_CXX_LIBRARY = "libc++";
				CLANG_ENABLE_MODULES = YES;
				CLANG_ENABLE_OBJC_ARC = YES;
				CLANG_ENABLE_OBJC_WEAK = YES;
				CLANG_WARN_BLOCK_CAPTURE_AUTORELEASING = YES;
				CLANG_WARN_BOOL_CONVERSION = YES;
				CLANG_WARN_COMMA = YES;
				CLANG_WARN_CONSTANT_CONVERSION = YES;
				CLANG_WARN_DEPRECATED_OBJC_IMPLEMENTATIONS = YES;
				CLANG_WARN_DIRECT_OBJC_ISA_USAGE = YES_ERROR;
				CLANG_WARN_DOCUMENTATION_COMMENTS = YES;
				CLANG_WARN_EMPTY_BODY = YES;
				CLANG_WARN_ENUM_CONVERSION = YES;
				CLANG_WARN_INFINITE_RECURSION = YES;
				CLANG_WARN_INT_CONVERSION = YES;
				CLANG_WARN_NON_LITERAL_NULL_CONVERSION = YES;
				CLANG_WARN_OBJC_IMPLICIT_RETAIN_SELF = YES;
				CLANG_WARN_OBJC_LITERAL_CONVERSION = YES;
				CLANG_WARN_OBJC_ROOT_CLASS = YES_ERROR;
				CLANG_WARN_RANGE_LOOP_ANALYSIS = YES;
				CLANG_WARN_STRICT_PROTOTYPES = YES;
				CLANG_WARN_SUSPICIOUS_MOVE = YES;
				CLANG_WARN_UNGUARDED_AVAILABILITY = YES_AGGRESSIVE;
				CLANG_WARN_UNREACHABLE_CODE = YES;
				CLANG_WARN__DUPLICATE_METHOD_MATCH = YES;
				COPY_PHASE_STRIP = NO;
				DEBUG_INFORMATION_FORMAT = dwarf;
				ENABLE_STRICT_OBJC_MSGSEND = YES;
				ENABLE_TESTABILITY = YES;
				GCC_C_LANGUAGE_STANDARD = gnu11;
				GCC_DYNAMIC_NO_PIC = NO;
				GCC_NO_COMMON_BLOCKS = YES;
				GCC_OPTIMIZATION_LEVEL = 0;
				GCC_PREPROCESSOR_DEFINITIONS = (
					"DEBUG=1",
					"$(inherited)",
				);
				GCC_WARN_64_TO_32_BIT_CONVERSION = YES;
				GCC_WARN_ABOUT_RETURN_TYPE = YES_ERROR;
				GCC_WARN_UNDECLARED_SELECTOR = YES;
				GCC_WARN_UNINITIALIZED_AUTOS = YES_AGGRESSIVE;
				GCC_WARN_UNUSED_FUNCTION = YES;
				GCC_WARN_UNUSED_VARIABLE = YES;
				IPHONEOS_DEPLOYMENT_TARGET = 13.6;
				MTL_ENABLE_DEBUG_INFO = INCLUDE_SOURCE;
				MTL_FAST_MATH = YES;
				ONLY_ACTIVE_ARCH = YES;
				SDKROOT = iphoneos;
				SWIFT_ACTIVE_COMPILATION_CONDITIONS = DEBUG;
				SWIFT_OPTIMIZATION_LEVEL = "-Onone";
			};
			name = Debug;
		};
		C6487FAA24EC1B1A00EF822F /* Release */ = {
			isa = XCBuildConfiguration;
			buildSettings = {
				ALWAYS_SEARCH_USER_PATHS = NO;
				CLANG_ANALYZER_NONNULL = YES;
				CLANG_ANALYZER_NUMBER_OBJECT_CONVERSION = YES_AGGRESSIVE;
				CLANG_CXX_LANGUAGE_STANDARD = "gnu++14";
				CLANG_CXX_LIBRARY = "libc++";
				CLANG_ENABLE_MODULES = YES;
				CLANG_ENABLE_OBJC_ARC = YES;
				CLANG_ENABLE_OBJC_WEAK = YES;
				CLANG_WARN_BLOCK_CAPTURE_AUTORELEASING = YES;
				CLANG_WARN_BOOL_CONVERSION = YES;
				CLANG_WARN_COMMA = YES;
				CLANG_WARN_CONSTANT_CONVERSION = YES;
				CLANG_WARN_DEPRECATED_OBJC_IMPLEMENTATIONS = YES;
				CLANG_WARN_DIRECT_OBJC_ISA_USAGE = YES_ERROR;
				CLANG_WARN_DOCUMENTATION_COMMENTS = YES;
				CLANG_WARN_EMPTY_BODY = YES;
				CLANG_WARN_ENUM_CONVERSION = YES;
				CLANG_WARN_INFINITE_RECURSION = YES;
				CLANG_WARN_INT_CONVERSION = YES;
				CLANG_WARN_NON_LITERAL_NULL_CONVERSION = YES;
				CLANG_WARN_OBJC_IMPLICIT_RETAIN_SELF = YES;
				CLANG_WARN_OBJC_LITERAL_CONVERSION = YES;
				CLANG_WARN_OBJC_ROOT_CLASS = YES_ERROR;
				CLANG_WARN_RANGE_LOOP_ANALYSIS = YES;
				CLANG_WARN_STRICT_PROTOTYPES = YES;
				CLANG_WARN_SUSPICIOUS_MOVE = YES;
				CLANG_WARN_UNGUARDED_AVAILABILITY = YES_AGGRESSIVE;
				CLANG_WARN_UNREACHABLE_CODE = YES;
				CLANG_WARN__DUPLICATE_METHOD_MATCH = YES;
				COPY_PHASE_STRIP = NO;
				DEBUG_INFORMATION_FORMAT = "dwarf-with-dsym";
				ENABLE_NS_ASSERTIONS = NO;
				ENABLE_STRICT_OBJC_MSGSEND = YES;
				GCC_C_LANGUAGE_STANDARD = gnu11;
				GCC_NO_COMMON_BLOCKS = YES;
				GCC_WARN_64_TO_32_BIT_CONVERSION = YES;
				GCC_WARN_ABOUT_RETURN_TYPE = YES_ERROR;
				GCC_WARN_UNDECLARED_SELECTOR = YES;
				GCC_WARN_UNINITIALIZED_AUTOS = YES_AGGRESSIVE;
				GCC_WARN_UNUSED_FUNCTION = YES;
				GCC_WARN_UNUSED_VARIABLE = YES;
				IPHONEOS_DEPLOYMENT_TARGET = 13.6;
				MTL_ENABLE_DEBUG_INFO = NO;
				MTL_FAST_MATH = YES;
				SDKROOT = iphoneos;
				SWIFT_COMPILATION_MODE = wholemodule;
				SWIFT_OPTIMIZATION_LEVEL = "-O";
				VALIDATE_PRODUCT = YES;
			};
			name = Release;
		};
		C6487FAC24EC1B1A00EF822F /* Debug */ = {
			isa = XCBuildConfiguration;
			buildSettings = {
				ASSETCATALOG_COMPILER_APPICON_NAME = AppIcon;
				CODE_SIGN_STYLE = Automatic;
				DEVELOPMENT_TEAM = JRUP55ZMLQ;
				INFOPLIST_FILE = "MultipleSections-CompLayout/Info.plist";
				LD_RUNPATH_SEARCH_PATHS = (
					"$(inherited)",
					"@executable_path/Frameworks",
				);
				PRODUCT_BUNDLE_IDENTIFIER = "com.casandragrullon.MultipleSections-CompLayout";
				PRODUCT_NAME = "$(TARGET_NAME)";
				SWIFT_VERSION = 5.0;
				TARGETED_DEVICE_FAMILY = "1,2";
			};
			name = Debug;
		};
		C6487FAD24EC1B1A00EF822F /* Release */ = {
			isa = XCBuildConfiguration;
			buildSettings = {
				ASSETCATALOG_COMPILER_APPICON_NAME = AppIcon;
				CODE_SIGN_STYLE = Automatic;
				DEVELOPMENT_TEAM = JRUP55ZMLQ;
				INFOPLIST_FILE = "MultipleSections-CompLayout/Info.plist";
				LD_RUNPATH_SEARCH_PATHS = (
					"$(inherited)",
					"@executable_path/Frameworks",
				);
				PRODUCT_BUNDLE_IDENTIFIER = "com.casandragrullon.MultipleSections-CompLayout";
				PRODUCT_NAME = "$(TARGET_NAME)";
				SWIFT_VERSION = 5.0;
				TARGETED_DEVICE_FAMILY = "1,2";
			};
			name = Release;
		};
		C6487FAF24EC1B1A00EF822F /* Debug */ = {
			isa = XCBuildConfiguration;
			buildSettings = {
				ALWAYS_EMBED_SWIFT_STANDARD_LIBRARIES = YES;
				BUNDLE_LOADER = "$(TEST_HOST)";
				CODE_SIGN_STYLE = Automatic;
				DEVELOPMENT_TEAM = JRUP55ZMLQ;
				INFOPLIST_FILE = "MultipleSections-CompLayoutTests/Info.plist";
				IPHONEOS_DEPLOYMENT_TARGET = 13.6;
				LD_RUNPATH_SEARCH_PATHS = (
					"$(inherited)",
					"@executable_path/Frameworks",
					"@loader_path/Frameworks",
				);
				PRODUCT_BUNDLE_IDENTIFIER = "com.casandragrullon.MultipleSections-CompLayoutTests";
				PRODUCT_NAME = "$(TARGET_NAME)";
				SWIFT_VERSION = 5.0;
				TARGETED_DEVICE_FAMILY = "1,2";
				TEST_HOST = "$(BUILT_PRODUCTS_DIR)/MultipleSections-CompLayout.app/MultipleSections-CompLayout";
			};
			name = Debug;
		};
		C6487FB024EC1B1A00EF822F /* Release */ = {
			isa = XCBuildConfiguration;
			buildSettings = {
				ALWAYS_EMBED_SWIFT_STANDARD_LIBRARIES = YES;
				BUNDLE_LOADER = "$(TEST_HOST)";
				CODE_SIGN_STYLE = Automatic;
				DEVELOPMENT_TEAM = JRUP55ZMLQ;
				INFOPLIST_FILE = "MultipleSections-CompLayoutTests/Info.plist";
				IPHONEOS_DEPLOYMENT_TARGET = 13.6;
				LD_RUNPATH_SEARCH_PATHS = (
					"$(inherited)",
					"@executable_path/Frameworks",
					"@loader_path/Frameworks",
				);
				PRODUCT_BUNDLE_IDENTIFIER = "com.casandragrullon.MultipleSections-CompLayoutTests";
				PRODUCT_NAME = "$(TARGET_NAME)";
				SWIFT_VERSION = 5.0;
				TARGETED_DEVICE_FAMILY = "1,2";
				TEST_HOST = "$(BUILT_PRODUCTS_DIR)/MultipleSections-CompLayout.app/MultipleSections-CompLayout";
			};
			name = Release;
		};
/* End XCBuildConfiguration section */

/* Begin XCConfigurationList section */
		C6487F8724EC1B1800EF822F /* Build configuration list for PBXProject "MultipleSections-CompLayout" */ = {
			isa = XCConfigurationList;
			buildConfigurations = (
				C6487FA924EC1B1A00EF822F /* Debug */,
				C6487FAA24EC1B1A00EF822F /* Release */,
			);
			defaultConfigurationIsVisible = 0;
			defaultConfigurationName = Release;
		};
		C6487FAB24EC1B1A00EF822F /* Build configuration list for PBXNativeTarget "MultipleSections-CompLayout" */ = {
			isa = XCConfigurationList;
			buildConfigurations = (
				C6487FAC24EC1B1A00EF822F /* Debug */,
				C6487FAD24EC1B1A00EF822F /* Release */,
			);
			defaultConfigurationIsVisible = 0;
			defaultConfigurationName = Release;
		};
		C6487FAE24EC1B1A00EF822F /* Build configuration list for PBXNativeTarget "MultipleSections-CompLayoutTests" */ = {
			isa = XCConfigurationList;
			buildConfigurations = (
				C6487FAF24EC1B1A00EF822F /* Debug */,
				C6487FB024EC1B1A00EF822F /* Release */,
			);
			defaultConfigurationIsVisible = 0;
			defaultConfigurationName = Release;
		};
/* End XCConfigurationList section */
	};
	rootObject = C6487F8424EC1B1800EF822F /* Project object */;
}
